
Microsoft Visual Studio Solution File, Format Version 12.00
# Visual Studio Version 16
VisualStudioVersion = 16.0.30225.117
MinimumVisualStudioVersion = 10.0.40219.1
Project("{FAE04EC0-301F-11D3-BF4B-00C04F79EFBC}") = "StudentSIMS", "StudentSIMS\StudentSIMS.csproj", "{038B1AE2-E3DB-4DE6-BBCD-D8DB8263AB4B}"
EndProject
Global
	GlobalSection(SolutionConfigurationPlatforms) = preSolution
		Debug|Any CPU = Debug|Any CPU
		Release|Any CPU = Release|Any CPU
	EndGlobalSection
	GlobalSection(ProjectConfigurationPlatforms) = postSolution
		{038B1AE2-E3DB-4DE6-BBCD-D8DB8263AB4B}.Debug|Any CPU.ActiveCfg = Debug|Any CPU
		{038B1AE2-E3DB-4DE6-BBCD-D8DB8263AB4B}.Debug|Any CPU.Build.0 = Debug|Any CPU
		{038B1AE2-E3DB-4DE6-BBCD-D8DB8263AB4B}.Release|Any CPU.ActiveCfg = Release|Any CPU
		{038B1AE2-E3DB-4DE6-BBCD-D8DB8263AB4B}.Release|Any CPU.Build.0 = Release|Any CPU
	EndGlobalSection
	GlobalSection(SolutionProperties) = preSolution
		HideSolutionNode = FALSE
	EndGlobalSection
	GlobalSection(ExtensibilityGlobals) = postSolution
		SolutionGuid = {39EEBC7A-65A9-4BE5-8522-976438B70ED6}
	EndGlobalSection
EndGlobal
